{
  "pins" : [
    {
      "identity" : "servicessampledata",
      "kind" : "remoteSourceControl",
      "location" : "https://github.com/sabari-zuper/ServicesSampleData.git",
      "state" : {
        "revision" : "eca717afa3985c1fe7af820e5806b821d5c27811",
        "version" : "1.0.2"
      }
    }
  ],
  "version" : 2
}
